
Microsoft Visual Studio Solution File, Format Version 12.00
# Visual Studio Version 17
VisualStudioVersion = 17.8.34330.188
MinimumVisualStudioVersion = 10.0.40219.1
Project("{FAE04EC0-301F-11D3-BF4B-00C04F79EFBC}") = "Techno", "Techno.csproj", "{0798B288-BEF7-4EFA-9848-8143F65CF98E}"
EndProject
Global
	GlobalSection(SolutionConfigurationPlatforms) = preSolution
		Debug|Any CPU = Debug|Any CPU
		Release|Any CPU = Release|Any CPU
	EndGlobalSection
	GlobalSection(ProjectConfigurationPlatforms) = postSolution
		{0798B288-BEF7-4EFA-9848-8143F65CF98E}.Debug|Any CPU.ActiveCfg = Debug|Any CPU
		{0798B288-BEF7-4EFA-9848-8143F65CF98E}.Debug|Any CPU.Build.0 = Debug|Any CPU
		{0798B288-BEF7-4EFA-9848-8143F65CF98E}.Release|Any CPU.ActiveCfg = Release|Any CPU
		{0798B288-BEF7-4EFA-9848-8143F65CF98E}.Release|Any CPU.Build.0 = Release|Any CPU
	EndGlobalSection
	GlobalSection(SolutionProperties) = preSolution
		HideSolutionNode = FALSE
	EndGlobalSection
	GlobalSection(ExtensibilityGlobals) = postSolution
		SolutionGuid = {566725FE-4DCB-4860-B2E7-D909ED4C2733}
	EndGlobalSection
EndGlobal
